
Microsoft Visual Studio Solution File, Format Version 12.00
# Visual Studio Version 16
VisualStudioVersion = 16.0.29411.108
MinimumVisualStudioVersion = 10.0.40219.1
Project("{FAE04EC0-301F-11D3-BF4B-00C04F79EFBC}") = "FaceBlurApp", "FaceBlurApp\FaceBlurApp.csproj", "{5DCFC2E0-3B67-4326-A98E-204B6D6B435A}"
EndProject
Global
	GlobalSection(SolutionConfigurationPlatforms) = preSolution
		Debug|Any CPU = Debug|Any CPU
		Release|Any CPU = Release|Any CPU
	EndGlobalSection
	GlobalSection(ProjectConfigurationPlatforms) = postSolution
		{5DCFC2E0-3B67-4326-A98E-204B6D6B435A}.Debug|Any CPU.ActiveCfg = Debug|Any CPU
		{5DCFC2E0-3B67-4326-A98E-204B6D6B435A}.Debug|Any CPU.Build.0 = Debug|Any CPU
		{5DCFC2E0-3B67-4326-A98E-204B6D6B435A}.Release|Any CPU.ActiveCfg = Release|Any CPU
		{5DCFC2E0-3B67-4326-A98E-204B6D6B435A}.Release|Any CPU.Build.0 = Release|Any CPU
	EndGlobalSection
	GlobalSection(SolutionProperties) = preSolution
		HideSolutionNode = FALSE
	EndGlobalSection
	GlobalSection(ExtensibilityGlobals) = postSolution
		SolutionGuid = {D44AA3BA-9B41-4EC0-9C3F-63548770DAAD}
	EndGlobalSection
EndGlobal
